
Microsoft Visual Studio Solution File, Format Version 12.00
# Visual Studio 15
VisualStudioVersion = 15.0.26730.16
MinimumVisualStudioVersion = 10.0.40219.1
Project("{FAE04EC0-301F-11D3-BF4B-00C04F79EFBC}") = "14. Factorial Trailing Zeroes", "14. Factorial Trailing Zeroes\14. Factorial Trailing Zeroes.csproj", "{5C042386-5CB5-4EF0-9725-4F102499ABB7}"
EndProject
Global
	GlobalSection(SolutionConfigurationPlatforms) = preSolution
		Debug|Any CPU = Debug|Any CPU
		Release|Any CPU = Release|Any CPU
	EndGlobalSection
	GlobalSection(ProjectConfigurationPlatforms) = postSolution
		{5C042386-5CB5-4EF0-9725-4F102499ABB7}.Debug|Any CPU.ActiveCfg = Debug|Any CPU
		{5C042386-5CB5-4EF0-9725-4F102499ABB7}.Debug|Any CPU.Build.0 = Debug|Any CPU
		{5C042386-5CB5-4EF0-9725-4F102499ABB7}.Release|Any CPU.ActiveCfg = Release|Any CPU
		{5C042386-5CB5-4EF0-9725-4F102499ABB7}.Release|Any CPU.Build.0 = Release|Any CPU
	EndGlobalSection
	GlobalSection(SolutionProperties) = preSolution
		HideSolutionNode = FALSE
	EndGlobalSection
	GlobalSection(ExtensibilityGlobals) = postSolution
		SolutionGuid = {76D2C89D-97FD-467F-99FA-CD927F84E235}
	EndGlobalSection
EndGlobal
