
Microsoft Visual Studio Solution File, Format Version 12.00
# Visual Studio 15
VisualStudioVersion = 15.0.26730.16
MinimumVisualStudioVersion = 10.0.40219.1
Project("{FAE04EC0-301F-11D3-BF4B-00C04F79EFBC}") = "Problem 2. Choose a Drink 2.0", "Problem 2. Choose a Drink 2.0\Problem 2. Choose a Drink 2.0.csproj", "{F8999ABB-6987-47F9-8C86-5CC735BC7F20}"
EndProject
Global
	GlobalSection(SolutionConfigurationPlatforms) = preSolution
		Debug|Any CPU = Debug|Any CPU
		Release|Any CPU = Release|Any CPU
	EndGlobalSection
	GlobalSection(ProjectConfigurationPlatforms) = postSolution
		{F8999ABB-6987-47F9-8C86-5CC735BC7F20}.Debug|Any CPU.ActiveCfg = Debug|Any CPU
		{F8999ABB-6987-47F9-8C86-5CC735BC7F20}.Debug|Any CPU.Build.0 = Debug|Any CPU
		{F8999ABB-6987-47F9-8C86-5CC735BC7F20}.Release|Any CPU.ActiveCfg = Release|Any CPU
		{F8999ABB-6987-47F9-8C86-5CC735BC7F20}.Release|Any CPU.Build.0 = Release|Any CPU
	EndGlobalSection
	GlobalSection(SolutionProperties) = preSolution
		HideSolutionNode = FALSE
	EndGlobalSection
	GlobalSection(ExtensibilityGlobals) = postSolution
		SolutionGuid = {E3B5609C-C19C-4BBC-A4CB-618FF52A0321}
	EndGlobalSection
EndGlobal
