
Microsoft Visual Studio Solution File, Format Version 12.00
# Visual Studio 15
VisualStudioVersion = 15.0.26730.16
MinimumVisualStudioVersion = 10.0.40219.1
Project("{FAE04EC0-301F-11D3-BF4B-00C04F79EFBC}") = "05. Magic exchangeable words", "05. Magic exchangeable words\05. Magic exchangeable words.csproj", "{65F918A4-7BDD-4E6C-B00C-0F70050103CB}"
EndProject
Global
	GlobalSection(SolutionConfigurationPlatforms) = preSolution
		Debug|Any CPU = Debug|Any CPU
		Release|Any CPU = Release|Any CPU
	EndGlobalSection
	GlobalSection(ProjectConfigurationPlatforms) = postSolution
		{65F918A4-7BDD-4E6C-B00C-0F70050103CB}.Debug|Any CPU.ActiveCfg = Debug|Any CPU
		{65F918A4-7BDD-4E6C-B00C-0F70050103CB}.Debug|Any CPU.Build.0 = Debug|Any CPU
		{65F918A4-7BDD-4E6C-B00C-0F70050103CB}.Release|Any CPU.ActiveCfg = Release|Any CPU
		{65F918A4-7BDD-4E6C-B00C-0F70050103CB}.Release|Any CPU.Build.0 = Release|Any CPU
	EndGlobalSection
	GlobalSection(SolutionProperties) = preSolution
		HideSolutionNode = FALSE
	EndGlobalSection
	GlobalSection(ExtensibilityGlobals) = postSolution
		SolutionGuid = {5D19F106-ED07-453E-83E8-E1CC7318797B}
	EndGlobalSection
EndGlobal
