
Microsoft Visual Studio Solution File, Format Version 12.00
# Visual Studio 15
VisualStudioVersion = 15.0.26730.16
MinimumVisualStudioVersion = 10.0.40219.1
Project("{FAE04EC0-301F-11D3-BF4B-00C04F79EFBC}") = "02. Max Method", "02. Max Method\02. Max Method.csproj", "{5E86C61C-49E8-4B0D-A077-F4C54C380485}"
EndProject
Global
	GlobalSection(SolutionConfigurationPlatforms) = preSolution
		Debug|Any CPU = Debug|Any CPU
		Release|Any CPU = Release|Any CPU
	EndGlobalSection
	GlobalSection(ProjectConfigurationPlatforms) = postSolution
		{5E86C61C-49E8-4B0D-A077-F4C54C380485}.Debug|Any CPU.ActiveCfg = Debug|Any CPU
		{5E86C61C-49E8-4B0D-A077-F4C54C380485}.Debug|Any CPU.Build.0 = Debug|Any CPU
		{5E86C61C-49E8-4B0D-A077-F4C54C380485}.Release|Any CPU.ActiveCfg = Release|Any CPU
		{5E86C61C-49E8-4B0D-A077-F4C54C380485}.Release|Any CPU.Build.0 = Release|Any CPU
	EndGlobalSection
	GlobalSection(SolutionProperties) = preSolution
		HideSolutionNode = FALSE
	EndGlobalSection
	GlobalSection(ExtensibilityGlobals) = postSolution
		SolutionGuid = {A9E2E29D-481F-4960-BFDA-D98B5378AAD7}
	EndGlobalSection
EndGlobal
