
Microsoft Visual Studio Solution File, Format Version 12.00
# Visual Studio 15
VisualStudioVersion = 15.0.26730.16
MinimumVisualStudioVersion = 10.0.40219.1
Project("{FAE04EC0-301F-11D3-BF4B-00C04F79EFBC}") = "17. Print Part Of ASCII Table", "17. Print Part Of ASCII Table\17. Print Part Of ASCII Table.csproj", "{8BEDF8F1-A917-4002-ADE6-8CB291D498C2}"
EndProject
Global
	GlobalSection(SolutionConfigurationPlatforms) = preSolution
		Debug|Any CPU = Debug|Any CPU
		Release|Any CPU = Release|Any CPU
	EndGlobalSection
	GlobalSection(ProjectConfigurationPlatforms) = postSolution
		{8BEDF8F1-A917-4002-ADE6-8CB291D498C2}.Debug|Any CPU.ActiveCfg = Debug|Any CPU
		{8BEDF8F1-A917-4002-ADE6-8CB291D498C2}.Debug|Any CPU.Build.0 = Debug|Any CPU
		{8BEDF8F1-A917-4002-ADE6-8CB291D498C2}.Release|Any CPU.ActiveCfg = Release|Any CPU
		{8BEDF8F1-A917-4002-ADE6-8CB291D498C2}.Release|Any CPU.Build.0 = Release|Any CPU
	EndGlobalSection
	GlobalSection(SolutionProperties) = preSolution
		HideSolutionNode = FALSE
	EndGlobalSection
	GlobalSection(ExtensibilityGlobals) = postSolution
		SolutionGuid = {1D9A9BF4-ADCB-4E02-9516-6712F7A5815A}
	EndGlobalSection
EndGlobal
