
Microsoft Visual Studio Solution File, Format Version 12.00
# Visual Studio 15
VisualStudioVersion = 15.0.26730.16
MinimumVisualStudioVersion = 10.0.40219.1
Project("{FAE04EC0-301F-11D3-BF4B-00C04F79EFBC}") = "Problem 9. Count the Integers", "Problem 9. Count the Integers\Problem 9. Count the Integers.csproj", "{647D13CC-CED7-470B-8E93-3EE01C8539A7}"
EndProject
Global
	GlobalSection(SolutionConfigurationPlatforms) = preSolution
		Debug|Any CPU = Debug|Any CPU
		Release|Any CPU = Release|Any CPU
	EndGlobalSection
	GlobalSection(ProjectConfigurationPlatforms) = postSolution
		{647D13CC-CED7-470B-8E93-3EE01C8539A7}.Debug|Any CPU.ActiveCfg = Debug|Any CPU
		{647D13CC-CED7-470B-8E93-3EE01C8539A7}.Debug|Any CPU.Build.0 = Debug|Any CPU
		{647D13CC-CED7-470B-8E93-3EE01C8539A7}.Release|Any CPU.ActiveCfg = Release|Any CPU
		{647D13CC-CED7-470B-8E93-3EE01C8539A7}.Release|Any CPU.Build.0 = Release|Any CPU
	EndGlobalSection
	GlobalSection(SolutionProperties) = preSolution
		HideSolutionNode = FALSE
	EndGlobalSection
	GlobalSection(ExtensibilityGlobals) = postSolution
		SolutionGuid = {3CA2C340-75BC-4E13-A061-F66CCD943DAF}
	EndGlobalSection
EndGlobal
