
Microsoft Visual Studio Solution File, Format Version 12.00
# Visual Studio 15
VisualStudioVersion = 15.0.26730.16
MinimumVisualStudioVersion = 10.0.40219.1
Project("{FAE04EC0-301F-11D3-BF4B-00C04F79EFBC}") = "7. Sum Arrays", "7. Sum Arrays\7. Sum Arrays.csproj", "{97552C09-4FBC-4535-8FFC-C2BABC5059A4}"
EndProject
Global
	GlobalSection(SolutionConfigurationPlatforms) = preSolution
		Debug|Any CPU = Debug|Any CPU
		Release|Any CPU = Release|Any CPU
	EndGlobalSection
	GlobalSection(ProjectConfigurationPlatforms) = postSolution
		{97552C09-4FBC-4535-8FFC-C2BABC5059A4}.Debug|Any CPU.ActiveCfg = Debug|Any CPU
		{97552C09-4FBC-4535-8FFC-C2BABC5059A4}.Debug|Any CPU.Build.0 = Debug|Any CPU
		{97552C09-4FBC-4535-8FFC-C2BABC5059A4}.Release|Any CPU.ActiveCfg = Release|Any CPU
		{97552C09-4FBC-4535-8FFC-C2BABC5059A4}.Release|Any CPU.Build.0 = Release|Any CPU
	EndGlobalSection
	GlobalSection(SolutionProperties) = preSolution
		HideSolutionNode = FALSE
	EndGlobalSection
	GlobalSection(ExtensibilityGlobals) = postSolution
		SolutionGuid = {F71AF767-6610-4B42-9537-FE93EDA70F3C}
	EndGlobalSection
EndGlobal
