
Microsoft Visual Studio Solution File, Format Version 12.00
# Visual Studio 15
VisualStudioVersion = 15.0.26730.16
MinimumVisualStudioVersion = 10.0.40219.1
Project("{FAE04EC0-301F-11D3-BF4B-00C04F79EFBC}") = "04. Sieve of Eratosthenes", "04. Sieve of Eratosthenes\04. Sieve of Eratosthenes.csproj", "{EACB82F2-BDC9-444D-836B-539220530C37}"
EndProject
Global
	GlobalSection(SolutionConfigurationPlatforms) = preSolution
		Debug|Any CPU = Debug|Any CPU
		Release|Any CPU = Release|Any CPU
	EndGlobalSection
	GlobalSection(ProjectConfigurationPlatforms) = postSolution
		{EACB82F2-BDC9-444D-836B-539220530C37}.Debug|Any CPU.ActiveCfg = Debug|Any CPU
		{EACB82F2-BDC9-444D-836B-539220530C37}.Debug|Any CPU.Build.0 = Debug|Any CPU
		{EACB82F2-BDC9-444D-836B-539220530C37}.Release|Any CPU.ActiveCfg = Release|Any CPU
		{EACB82F2-BDC9-444D-836B-539220530C37}.Release|Any CPU.Build.0 = Release|Any CPU
	EndGlobalSection
	GlobalSection(SolutionProperties) = preSolution
		HideSolutionNode = FALSE
	EndGlobalSection
	GlobalSection(ExtensibilityGlobals) = postSolution
		SolutionGuid = {45A07227-269B-4025-8EE6-5F130E33201A}
	EndGlobalSection
EndGlobal
