
Microsoft Visual Studio Solution File, Format Version 12.00
# Visual Studio 15
VisualStudioVersion = 15.0.26730.16
MinimumVisualStudioVersion = 10.0.40219.1
Project("{FAE04EC0-301F-11D3-BF4B-00C04F79EFBC}") = "10. Centuries to Nanoseconds", "10. Centuries to Nanoseconds\10. Centuries to Nanoseconds.csproj", "{BDAB6455-9F4C-4B54-859F-912494B93B6C}"
EndProject
Global
	GlobalSection(SolutionConfigurationPlatforms) = preSolution
		Debug|Any CPU = Debug|Any CPU
		Release|Any CPU = Release|Any CPU
	EndGlobalSection
	GlobalSection(ProjectConfigurationPlatforms) = postSolution
		{BDAB6455-9F4C-4B54-859F-912494B93B6C}.Debug|Any CPU.ActiveCfg = Debug|Any CPU
		{BDAB6455-9F4C-4B54-859F-912494B93B6C}.Debug|Any CPU.Build.0 = Debug|Any CPU
		{BDAB6455-9F4C-4B54-859F-912494B93B6C}.Release|Any CPU.ActiveCfg = Release|Any CPU
		{BDAB6455-9F4C-4B54-859F-912494B93B6C}.Release|Any CPU.Build.0 = Release|Any CPU
	EndGlobalSection
	GlobalSection(SolutionProperties) = preSolution
		HideSolutionNode = FALSE
	EndGlobalSection
	GlobalSection(ExtensibilityGlobals) = postSolution
		SolutionGuid = {4FD3CBC6-20A5-42EF-8BC2-A2796AC2CF5A}
	EndGlobalSection
EndGlobal
