
Microsoft Visual Studio Solution File, Format Version 12.00
# Visual Studio 15
VisualStudioVersion = 15.0.26730.16
MinimumVisualStudioVersion = 10.0.40219.1
Project("{FAE04EC0-301F-11D3-BF4B-00C04F79EFBC}") = "Problem 4. Hotel", "Problem 4. Hotel\Problem 4. Hotel.csproj", "{395D39CF-2360-4916-9C08-798B5E5CE5BF}"
EndProject
Global
	GlobalSection(SolutionConfigurationPlatforms) = preSolution
		Debug|Any CPU = Debug|Any CPU
		Release|Any CPU = Release|Any CPU
	EndGlobalSection
	GlobalSection(ProjectConfigurationPlatforms) = postSolution
		{395D39CF-2360-4916-9C08-798B5E5CE5BF}.Debug|Any CPU.ActiveCfg = Debug|Any CPU
		{395D39CF-2360-4916-9C08-798B5E5CE5BF}.Debug|Any CPU.Build.0 = Debug|Any CPU
		{395D39CF-2360-4916-9C08-798B5E5CE5BF}.Release|Any CPU.ActiveCfg = Release|Any CPU
		{395D39CF-2360-4916-9C08-798B5E5CE5BF}.Release|Any CPU.Build.0 = Release|Any CPU
	EndGlobalSection
	GlobalSection(SolutionProperties) = preSolution
		HideSolutionNode = FALSE
	EndGlobalSection
	GlobalSection(ExtensibilityGlobals) = postSolution
		SolutionGuid = {828BA179-5332-4768-897C-11410861CC3F}
	EndGlobalSection
EndGlobal
