
Microsoft Visual Studio Solution File, Format Version 12.00
# Visual Studio 15
VisualStudioVersion = 15.0.26730.16
MinimumVisualStudioVersion = 10.0.40219.1
Project("{FAE04EC0-301F-11D3-BF4B-00C04F79EFBC}") = "04. Weather", "04. Weather\04. Weather.csproj", "{310AE4BF-54FF-4B9A-833F-A115211BB603}"
EndProject
Global
	GlobalSection(SolutionConfigurationPlatforms) = preSolution
		Debug|Any CPU = Debug|Any CPU
		Release|Any CPU = Release|Any CPU
	EndGlobalSection
	GlobalSection(ProjectConfigurationPlatforms) = postSolution
		{310AE4BF-54FF-4B9A-833F-A115211BB603}.Debug|Any CPU.ActiveCfg = Debug|Any CPU
		{310AE4BF-54FF-4B9A-833F-A115211BB603}.Debug|Any CPU.Build.0 = Debug|Any CPU
		{310AE4BF-54FF-4B9A-833F-A115211BB603}.Release|Any CPU.ActiveCfg = Release|Any CPU
		{310AE4BF-54FF-4B9A-833F-A115211BB603}.Release|Any CPU.Build.0 = Release|Any CPU
	EndGlobalSection
	GlobalSection(SolutionProperties) = preSolution
		HideSolutionNode = FALSE
	EndGlobalSection
	GlobalSection(ExtensibilityGlobals) = postSolution
		SolutionGuid = {97B25602-EDD1-4B16-9485-C92FB0E42C9A}
	EndGlobalSection
EndGlobal
