
Microsoft Visual Studio Solution File, Format Version 12.00
# Visual Studio 15
VisualStudioVersion = 15.0.26730.16
MinimumVisualStudioVersion = 10.0.40219.1
Project("{FAE04EC0-301F-11D3-BF4B-00C04F79EFBC}") = "Problem 5.  Word in Plural", "Problem 5.  Word in Plural\Problem 5.  Word in Plural.csproj", "{1DE16361-939F-487B-BD2A-8ABB0DF14731}"
EndProject
Global
	GlobalSection(SolutionConfigurationPlatforms) = preSolution
		Debug|Any CPU = Debug|Any CPU
		Release|Any CPU = Release|Any CPU
	EndGlobalSection
	GlobalSection(ProjectConfigurationPlatforms) = postSolution
		{1DE16361-939F-487B-BD2A-8ABB0DF14731}.Debug|Any CPU.ActiveCfg = Debug|Any CPU
		{1DE16361-939F-487B-BD2A-8ABB0DF14731}.Debug|Any CPU.Build.0 = Debug|Any CPU
		{1DE16361-939F-487B-BD2A-8ABB0DF14731}.Release|Any CPU.ActiveCfg = Release|Any CPU
		{1DE16361-939F-487B-BD2A-8ABB0DF14731}.Release|Any CPU.Build.0 = Release|Any CPU
	EndGlobalSection
	GlobalSection(SolutionProperties) = preSolution
		HideSolutionNode = FALSE
	EndGlobalSection
	GlobalSection(ExtensibilityGlobals) = postSolution
		SolutionGuid = {49B18048-BBA9-4353-BC54-76E9A2B08760}
	EndGlobalSection
EndGlobal
