
Microsoft Visual Studio Solution File, Format Version 12.00
# Visual Studio 15
VisualStudioVersion = 15.0.26730.16
MinimumVisualStudioVersion = 10.0.40219.1
Project("{FAE04EC0-301F-11D3-BF4B-00C04F79EFBC}") = "1. Centuries to Minutes", "1. Centuries to Minutes\1. Centuries to Minutes.csproj", "{F1764639-5355-46E9-B732-3211E5163954}"
EndProject
Global
	GlobalSection(SolutionConfigurationPlatforms) = preSolution
		Debug|Any CPU = Debug|Any CPU
		Release|Any CPU = Release|Any CPU
	EndGlobalSection
	GlobalSection(ProjectConfigurationPlatforms) = postSolution
		{F1764639-5355-46E9-B732-3211E5163954}.Debug|Any CPU.ActiveCfg = Debug|Any CPU
		{F1764639-5355-46E9-B732-3211E5163954}.Debug|Any CPU.Build.0 = Debug|Any CPU
		{F1764639-5355-46E9-B732-3211E5163954}.Release|Any CPU.ActiveCfg = Release|Any CPU
		{F1764639-5355-46E9-B732-3211E5163954}.Release|Any CPU.Build.0 = Release|Any CPU
	EndGlobalSection
	GlobalSection(SolutionProperties) = preSolution
		HideSolutionNode = FALSE
	EndGlobalSection
	GlobalSection(ExtensibilityGlobals) = postSolution
		SolutionGuid = {5D732B73-3248-4E65-B53A-2E6F3B048438}
	EndGlobalSection
EndGlobal
