
Microsoft Visual Studio Solution File, Format Version 12.00
# Visual Studio 15
VisualStudioVersion = 15.0.26730.16
MinimumVisualStudioVersion = 10.0.40219.1
Project("{FAE04EC0-301F-11D3-BF4B-00C04F79EFBC}") = "Problem 3. Restaurant Discount", "Problem 3. Restaurant Discount\Problem 3. Restaurant Discount.csproj", "{4635A59F-DFCD-4538-896D-50F3DC1F3BE1}"
EndProject
Global
	GlobalSection(SolutionConfigurationPlatforms) = preSolution
		Debug|Any CPU = Debug|Any CPU
		Release|Any CPU = Release|Any CPU
	EndGlobalSection
	GlobalSection(ProjectConfigurationPlatforms) = postSolution
		{4635A59F-DFCD-4538-896D-50F3DC1F3BE1}.Debug|Any CPU.ActiveCfg = Debug|Any CPU
		{4635A59F-DFCD-4538-896D-50F3DC1F3BE1}.Debug|Any CPU.Build.0 = Debug|Any CPU
		{4635A59F-DFCD-4538-896D-50F3DC1F3BE1}.Release|Any CPU.ActiveCfg = Release|Any CPU
		{4635A59F-DFCD-4538-896D-50F3DC1F3BE1}.Release|Any CPU.Build.0 = Release|Any CPU
	EndGlobalSection
	GlobalSection(SolutionProperties) = preSolution
		HideSolutionNode = FALSE
	EndGlobalSection
	GlobalSection(ExtensibilityGlobals) = postSolution
		SolutionGuid = {8722DDA1-3F3D-418B-8643-4CE67C90BDFC}
	EndGlobalSection
EndGlobal
