
Microsoft Visual Studio Solution File, Format Version 12.00
# Visual Studio 15
VisualStudioVersion = 15.0.26730.16
MinimumVisualStudioVersion = 10.0.40219.1
Project("{FAE04EC0-301F-11D3-BF4B-00C04F79EFBC}") = "9. Index of Letters", "9. Index of Letters\9. Index of Letters.csproj", "{F0C0BD34-B366-40DC-9309-FF513CACACFD}"
EndProject
Global
	GlobalSection(SolutionConfigurationPlatforms) = preSolution
		Debug|Any CPU = Debug|Any CPU
		Release|Any CPU = Release|Any CPU
	EndGlobalSection
	GlobalSection(ProjectConfigurationPlatforms) = postSolution
		{F0C0BD34-B366-40DC-9309-FF513CACACFD}.Debug|Any CPU.ActiveCfg = Debug|Any CPU
		{F0C0BD34-B366-40DC-9309-FF513CACACFD}.Debug|Any CPU.Build.0 = Debug|Any CPU
		{F0C0BD34-B366-40DC-9309-FF513CACACFD}.Release|Any CPU.ActiveCfg = Release|Any CPU
		{F0C0BD34-B366-40DC-9309-FF513CACACFD}.Release|Any CPU.Build.0 = Release|Any CPU
	EndGlobalSection
	GlobalSection(SolutionProperties) = preSolution
		HideSolutionNode = FALSE
	EndGlobalSection
	GlobalSection(ExtensibilityGlobals) = postSolution
		SolutionGuid = {4873FA61-D9BB-4535-BDAA-9040E948BAAF}
	EndGlobalSection
EndGlobal
