
Microsoft Visual Studio Solution File, Format Version 12.00
# Visual Studio 15
VisualStudioVersion = 15.0.26730.16
MinimumVisualStudioVersion = 10.0.40219.1
Project("{FAE04EC0-301F-11D3-BF4B-00C04F79EFBC}") = "11.Convert_Speed_Units", "11.Convert_Speed_Units\11.Convert_Speed_Units.csproj", "{A9BFE936-5856-4303-969B-301743376CE9}"
EndProject
Global
	GlobalSection(SolutionConfigurationPlatforms) = preSolution
		Debug|Any CPU = Debug|Any CPU
		Release|Any CPU = Release|Any CPU
	EndGlobalSection
	GlobalSection(ProjectConfigurationPlatforms) = postSolution
		{A9BFE936-5856-4303-969B-301743376CE9}.Debug|Any CPU.ActiveCfg = Debug|Any CPU
		{A9BFE936-5856-4303-969B-301743376CE9}.Debug|Any CPU.Build.0 = Debug|Any CPU
		{A9BFE936-5856-4303-969B-301743376CE9}.Release|Any CPU.ActiveCfg = Release|Any CPU
		{A9BFE936-5856-4303-969B-301743376CE9}.Release|Any CPU.Build.0 = Release|Any CPU
	EndGlobalSection
	GlobalSection(SolutionProperties) = preSolution
		HideSolutionNode = FALSE
	EndGlobalSection
	GlobalSection(ExtensibilityGlobals) = postSolution
		SolutionGuid = {79632471-FF1C-4B01-8B8E-B4502FD0C184}
	EndGlobalSection
EndGlobal
