
Microsoft Visual Studio Solution File, Format Version 12.00
# Visual Studio 15
VisualStudioVersion = 15.0.26730.16
MinimumVisualStudioVersion = 10.0.40219.1
Project("{FAE04EC0-301F-11D3-BF4B-00C04F79EFBC}") = "01. Max Sequence of Equal Elements", "01. Max Sequence of Equal Elements\01. Max Sequence of Equal Elements.csproj", "{B87748C4-C23A-46DF-A446-5C43EBBBE3D9}"
EndProject
Global
	GlobalSection(SolutionConfigurationPlatforms) = preSolution
		Debug|Any CPU = Debug|Any CPU
		Release|Any CPU = Release|Any CPU
	EndGlobalSection
	GlobalSection(ProjectConfigurationPlatforms) = postSolution
		{B87748C4-C23A-46DF-A446-5C43EBBBE3D9}.Debug|Any CPU.ActiveCfg = Debug|Any CPU
		{B87748C4-C23A-46DF-A446-5C43EBBBE3D9}.Debug|Any CPU.Build.0 = Debug|Any CPU
		{B87748C4-C23A-46DF-A446-5C43EBBBE3D9}.Release|Any CPU.ActiveCfg = Release|Any CPU
		{B87748C4-C23A-46DF-A446-5C43EBBBE3D9}.Release|Any CPU.Build.0 = Release|Any CPU
	EndGlobalSection
	GlobalSection(SolutionProperties) = preSolution
		HideSolutionNode = FALSE
	EndGlobalSection
	GlobalSection(ExtensibilityGlobals) = postSolution
		SolutionGuid = {06A93349-E7FC-4A13-BABD-C4908A317308}
	EndGlobalSection
EndGlobal
