
Microsoft Visual Studio Solution File, Format Version 12.00
# Visual Studio 15
VisualStudioVersion = 15.0.26730.16
MinimumVisualStudioVersion = 10.0.40219.1
Project("{FAE04EC0-301F-11D3-BF4B-00C04F79EFBC}") = "09. Legendary Farming", "09. Legendary Farming\09. Legendary Farming.csproj", "{213BC3DF-37B3-4EBB-8782-891201AE6CEB}"
EndProject
Global
	GlobalSection(SolutionConfigurationPlatforms) = preSolution
		Debug|Any CPU = Debug|Any CPU
		Release|Any CPU = Release|Any CPU
	EndGlobalSection
	GlobalSection(ProjectConfigurationPlatforms) = postSolution
		{213BC3DF-37B3-4EBB-8782-891201AE6CEB}.Debug|Any CPU.ActiveCfg = Debug|Any CPU
		{213BC3DF-37B3-4EBB-8782-891201AE6CEB}.Debug|Any CPU.Build.0 = Debug|Any CPU
		{213BC3DF-37B3-4EBB-8782-891201AE6CEB}.Release|Any CPU.ActiveCfg = Release|Any CPU
		{213BC3DF-37B3-4EBB-8782-891201AE6CEB}.Release|Any CPU.Build.0 = Release|Any CPU
	EndGlobalSection
	GlobalSection(SolutionProperties) = preSolution
		HideSolutionNode = FALSE
	EndGlobalSection
	GlobalSection(ExtensibilityGlobals) = postSolution
		SolutionGuid = {D8E6989E-E8F5-460E-9009-FB19B2EE9893}
	EndGlobalSection
EndGlobal
