
Microsoft Visual Studio Solution File, Format Version 12.00
# Visual Studio 15
VisualStudioVersion = 15.0.26730.16
MinimumVisualStudioVersion = 10.0.40219.1
Project("{FAE04EC0-301F-11D3-BF4B-00C04F79EFBC}") = "Problem 6. Interval of Numbers", "Problem 6. Interval of Numbers\Problem 6. Interval of Numbers.csproj", "{28A1DD6C-9E18-497D-B4BB-1059FD10E4DD}"
EndProject
Global
	GlobalSection(SolutionConfigurationPlatforms) = preSolution
		Debug|Any CPU = Debug|Any CPU
		Release|Any CPU = Release|Any CPU
	EndGlobalSection
	GlobalSection(ProjectConfigurationPlatforms) = postSolution
		{28A1DD6C-9E18-497D-B4BB-1059FD10E4DD}.Debug|Any CPU.ActiveCfg = Debug|Any CPU
		{28A1DD6C-9E18-497D-B4BB-1059FD10E4DD}.Debug|Any CPU.Build.0 = Debug|Any CPU
		{28A1DD6C-9E18-497D-B4BB-1059FD10E4DD}.Release|Any CPU.ActiveCfg = Release|Any CPU
		{28A1DD6C-9E18-497D-B4BB-1059FD10E4DD}.Release|Any CPU.Build.0 = Release|Any CPU
	EndGlobalSection
	GlobalSection(SolutionProperties) = preSolution
		HideSolutionNode = FALSE
	EndGlobalSection
	GlobalSection(ExtensibilityGlobals) = postSolution
		SolutionGuid = {2EF47462-73E5-4FCC-A7EE-EB07AEE34BA2}
	EndGlobalSection
EndGlobal
