
Microsoft Visual Studio Solution File, Format Version 12.00
# Visual Studio 15
VisualStudioVersion = 15.0.26730.16
MinimumVisualStudioVersion = 10.0.40219.1
Project("{FAE04EC0-301F-11D3-BF4B-00C04F79EFBC}") = "07. Query Mess", "07. Query Mess\07. Query Mess.csproj", "{83CA5C4F-6B36-4751-8D9D-9359934ED9CA}"
EndProject
Global
	GlobalSection(SolutionConfigurationPlatforms) = preSolution
		Debug|Any CPU = Debug|Any CPU
		Release|Any CPU = Release|Any CPU
	EndGlobalSection
	GlobalSection(ProjectConfigurationPlatforms) = postSolution
		{83CA5C4F-6B36-4751-8D9D-9359934ED9CA}.Debug|Any CPU.ActiveCfg = Debug|Any CPU
		{83CA5C4F-6B36-4751-8D9D-9359934ED9CA}.Debug|Any CPU.Build.0 = Debug|Any CPU
		{83CA5C4F-6B36-4751-8D9D-9359934ED9CA}.Release|Any CPU.ActiveCfg = Release|Any CPU
		{83CA5C4F-6B36-4751-8D9D-9359934ED9CA}.Release|Any CPU.Build.0 = Release|Any CPU
	EndGlobalSection
	GlobalSection(SolutionProperties) = preSolution
		HideSolutionNode = FALSE
	EndGlobalSection
	GlobalSection(ExtensibilityGlobals) = postSolution
		SolutionGuid = {9B8040F8-ED5A-4A46-A45C-AD16AF8C5731}
	EndGlobalSection
EndGlobal
