
Microsoft Visual Studio Solution File, Format Version 12.00
# Visual Studio 15
VisualStudioVersion = 15.0.26730.16
MinimumVisualStudioVersion = 10.0.40219.1
Project("{FAE04EC0-301F-11D3-BF4B-00C04F79EFBC}") = "Problem 10. Triangle of Numbers", "Problem 10. Triangle of Numbers\Problem 10. Triangle of Numbers.csproj", "{BED2A5BD-9F80-401B-856C-4D530D7676DA}"
EndProject
Global
	GlobalSection(SolutionConfigurationPlatforms) = preSolution
		Debug|Any CPU = Debug|Any CPU
		Release|Any CPU = Release|Any CPU
	EndGlobalSection
	GlobalSection(ProjectConfigurationPlatforms) = postSolution
		{BED2A5BD-9F80-401B-856C-4D530D7676DA}.Debug|Any CPU.ActiveCfg = Debug|Any CPU
		{BED2A5BD-9F80-401B-856C-4D530D7676DA}.Debug|Any CPU.Build.0 = Debug|Any CPU
		{BED2A5BD-9F80-401B-856C-4D530D7676DA}.Release|Any CPU.ActiveCfg = Release|Any CPU
		{BED2A5BD-9F80-401B-856C-4D530D7676DA}.Release|Any CPU.Build.0 = Release|Any CPU
	EndGlobalSection
	GlobalSection(SolutionProperties) = preSolution
		HideSolutionNode = FALSE
	EndGlobalSection
	GlobalSection(ExtensibilityGlobals) = postSolution
		SolutionGuid = {7E8FA315-39CE-4820-9D43-EF7B6574366C}
	EndGlobalSection
EndGlobal
