
Microsoft Visual Studio Solution File, Format Version 12.00
# Visual Studio 15
VisualStudioVersion = 15.0.26730.16
MinimumVisualStudioVersion = 10.0.40219.1
Project("{FAE04EC0-301F-11D3-BF4B-00C04F79EFBC}") = "2. Circle Area (12 Digits Precision)", "2. Circle Area (12 Digits Precision)\2. Circle Area (12 Digits Precision).csproj", "{DB5F4239-20BF-4DDB-A0F3-0589EC369E17}"
EndProject
Global
	GlobalSection(SolutionConfigurationPlatforms) = preSolution
		Debug|Any CPU = Debug|Any CPU
		Release|Any CPU = Release|Any CPU
	EndGlobalSection
	GlobalSection(ProjectConfigurationPlatforms) = postSolution
		{DB5F4239-20BF-4DDB-A0F3-0589EC369E17}.Debug|Any CPU.ActiveCfg = Debug|Any CPU
		{DB5F4239-20BF-4DDB-A0F3-0589EC369E17}.Debug|Any CPU.Build.0 = Debug|Any CPU
		{DB5F4239-20BF-4DDB-A0F3-0589EC369E17}.Release|Any CPU.ActiveCfg = Release|Any CPU
		{DB5F4239-20BF-4DDB-A0F3-0589EC369E17}.Release|Any CPU.Build.0 = Release|Any CPU
	EndGlobalSection
	GlobalSection(SolutionProperties) = preSolution
		HideSolutionNode = FALSE
	EndGlobalSection
	GlobalSection(ExtensibilityGlobals) = postSolution
		SolutionGuid = {87151FFC-DAE3-456D-B21D-ED9921C8A5E3}
	EndGlobalSection
EndGlobal
