
Microsoft Visual Studio Solution File, Format Version 12.00
# Visual Studio 15
VisualStudioVersion = 15.0.26730.16
MinimumVisualStudioVersion = 10.0.40219.1
Project("{FAE04EC0-301F-11D3-BF4B-00C04F79EFBC}") = "04. Character Multiplier", "04. Character Multiplier\04. Character Multiplier.csproj", "{479A032F-FE2F-4969-84BB-951CEDACD34C}"
EndProject
Global
	GlobalSection(SolutionConfigurationPlatforms) = preSolution
		Debug|Any CPU = Debug|Any CPU
		Release|Any CPU = Release|Any CPU
	EndGlobalSection
	GlobalSection(ProjectConfigurationPlatforms) = postSolution
		{479A032F-FE2F-4969-84BB-951CEDACD34C}.Debug|Any CPU.ActiveCfg = Debug|Any CPU
		{479A032F-FE2F-4969-84BB-951CEDACD34C}.Debug|Any CPU.Build.0 = Debug|Any CPU
		{479A032F-FE2F-4969-84BB-951CEDACD34C}.Release|Any CPU.ActiveCfg = Release|Any CPU
		{479A032F-FE2F-4969-84BB-951CEDACD34C}.Release|Any CPU.Build.0 = Release|Any CPU
	EndGlobalSection
	GlobalSection(SolutionProperties) = preSolution
		HideSolutionNode = FALSE
	EndGlobalSection
	GlobalSection(ExtensibilityGlobals) = postSolution
		SolutionGuid = {E0177641-1C80-4C75-95E3-D18232821BA0}
	EndGlobalSection
EndGlobal
