
Microsoft Visual Studio Solution File, Format Version 12.00
# Visual Studio 15
VisualStudioVersion = 15.0.26730.16
MinimumVisualStudioVersion = 10.0.40219.1
Project("{FAE04EC0-301F-11D3-BF4B-00C04F79EFBC}") = "17. Be Positive", "17. Be Positive\17. Be Positive.csproj", "{3778CE52-C945-4243-8126-BBE964073B89}"
EndProject
Global
	GlobalSection(SolutionConfigurationPlatforms) = preSolution
		Debug|Any CPU = Debug|Any CPU
		Release|Any CPU = Release|Any CPU
	EndGlobalSection
	GlobalSection(ProjectConfigurationPlatforms) = postSolution
		{3778CE52-C945-4243-8126-BBE964073B89}.Debug|Any CPU.ActiveCfg = Debug|Any CPU
		{3778CE52-C945-4243-8126-BBE964073B89}.Debug|Any CPU.Build.0 = Debug|Any CPU
		{3778CE52-C945-4243-8126-BBE964073B89}.Release|Any CPU.ActiveCfg = Release|Any CPU
		{3778CE52-C945-4243-8126-BBE964073B89}.Release|Any CPU.Build.0 = Release|Any CPU
	EndGlobalSection
	GlobalSection(SolutionProperties) = preSolution
		HideSolutionNode = FALSE
	EndGlobalSection
	GlobalSection(ExtensibilityGlobals) = postSolution
		SolutionGuid = {6AAB74E1-8EAF-4F5F-854D-3B0FCB9A6D3E}
	EndGlobalSection
EndGlobal
