
Microsoft Visual Studio Solution File, Format Version 12.00
# Visual Studio 15
VisualStudioVersion = 15.0.26730.16
MinimumVisualStudioVersion = 10.0.40219.1
Project("{FAE04EC0-301F-11D3-BF4B-00C04F79EFBC}") = "Problem 9. Multiplication Table", "Problem 9. Multiplication Table\Problem 9. Multiplication Table.csproj", "{9901234D-A60B-447F-A448-44BC8E3D0321}"
EndProject
Global
	GlobalSection(SolutionConfigurationPlatforms) = preSolution
		Debug|Any CPU = Debug|Any CPU
		Release|Any CPU = Release|Any CPU
	EndGlobalSection
	GlobalSection(ProjectConfigurationPlatforms) = postSolution
		{9901234D-A60B-447F-A448-44BC8E3D0321}.Debug|Any CPU.ActiveCfg = Debug|Any CPU
		{9901234D-A60B-447F-A448-44BC8E3D0321}.Debug|Any CPU.Build.0 = Debug|Any CPU
		{9901234D-A60B-447F-A448-44BC8E3D0321}.Release|Any CPU.ActiveCfg = Release|Any CPU
		{9901234D-A60B-447F-A448-44BC8E3D0321}.Release|Any CPU.Build.0 = Release|Any CPU
	EndGlobalSection
	GlobalSection(SolutionProperties) = preSolution
		HideSolutionNode = FALSE
	EndGlobalSection
	GlobalSection(ExtensibilityGlobals) = postSolution
		SolutionGuid = {050B7395-DBAA-4963-A9AD-85B2263B1A84}
	EndGlobalSection
EndGlobal
