
Microsoft Visual Studio Solution File, Format Version 12.00
# Visual Studio 15
VisualStudioVersion = 15.0.26730.16
MinimumVisualStudioVersion = 10.0.40219.1
Project("{FAE04EC0-301F-11D3-BF4B-00C04F79EFBC}") = "Problem 11. 5 Different Numbers", "Problem 11. 5 Different Numbers\Problem 11. 5 Different Numbers.csproj", "{77DE4435-CE0E-48C9-95AC-F0B91EEF70B4}"
EndProject
Global
	GlobalSection(SolutionConfigurationPlatforms) = preSolution
		Debug|Any CPU = Debug|Any CPU
		Release|Any CPU = Release|Any CPU
	EndGlobalSection
	GlobalSection(ProjectConfigurationPlatforms) = postSolution
		{77DE4435-CE0E-48C9-95AC-F0B91EEF70B4}.Debug|Any CPU.ActiveCfg = Debug|Any CPU
		{77DE4435-CE0E-48C9-95AC-F0B91EEF70B4}.Debug|Any CPU.Build.0 = Debug|Any CPU
		{77DE4435-CE0E-48C9-95AC-F0B91EEF70B4}.Release|Any CPU.ActiveCfg = Release|Any CPU
		{77DE4435-CE0E-48C9-95AC-F0B91EEF70B4}.Release|Any CPU.Build.0 = Release|Any CPU
	EndGlobalSection
	GlobalSection(SolutionProperties) = preSolution
		HideSolutionNode = FALSE
	EndGlobalSection
	GlobalSection(ExtensibilityGlobals) = postSolution
		SolutionGuid = {67538189-DCF2-4669-B581-0CFE95B67F35}
	EndGlobalSection
EndGlobal
